
Microsoft Visual Studio Solution File, Format Version 11.00
# Visual Studio 2010
Project("{FAE04EC0-301F-11D3-BF4B-00C04F79EFBC}") = "Unity.ML-Agents", "Unity.ML-Agents.csproj", "{3FC8EF4D-7453-226D-E2DC-78FC17E22EDB}"
EndProject
Project("{FAE04EC0-301F-11D3-BF4B-00C04F79EFBC}") = "Unity.ML-Agents.CommunicatorObjects", "Unity.ML-Agents.CommunicatorObjects.csproj", "{46AC5F8C-157C-D747-9DB3-7A2B505C67B9}"
EndProject
Project("{FAE04EC0-301F-11D3-BF4B-00C04F79EFBC}") = "Assembly-CSharp", "Assembly-CSharp.csproj", "{C21B62B4-4B41-B196-340D-21E5D8DC5E69}"
EndProject
Project("{FAE04EC0-301F-11D3-BF4B-00C04F79EFBC}") = "Unity.ML-Agents.Editor", "Unity.ML-Agents.Editor.csproj", "{68D48339-26B0-7B5A-096F-67CB020AC7CE}"
EndProject
Project("{FAE04EC0-301F-11D3-BF4B-00C04F79EFBC}") = "Assembly-CSharp-Editor-firstpass", "Assembly-CSharp-Editor-firstpass.csproj", "{6D5F2E4C-2924-7F85-3986-07B1531CF66E}"
EndProject
Global
	GlobalSection(SolutionConfigurationPlatforms) = preSolution
		Debug|Any CPU = Debug|Any CPU
		Release|Any CPU = Release|Any CPU
	EndGlobalSection
	GlobalSection(ProjectConfigurationPlatforms) = postSolution
		{3FC8EF4D-7453-226D-E2DC-78FC17E22EDB}.Debug|Any CPU.ActiveCfg = Debug|Any CPU
		{3FC8EF4D-7453-226D-E2DC-78FC17E22EDB}.Debug|Any CPU.Build.0 = Debug|Any CPU
		{3FC8EF4D-7453-226D-E2DC-78FC17E22EDB}.Release|Any CPU.ActiveCfg = Release|Any CPU
		{3FC8EF4D-7453-226D-E2DC-78FC17E22EDB}.Release|Any CPU.Build.0 = Release|Any CPU
		{46AC5F8C-157C-D747-9DB3-7A2B505C67B9}.Debug|Any CPU.ActiveCfg = Debug|Any CPU
		{46AC5F8C-157C-D747-9DB3-7A2B505C67B9}.Debug|Any CPU.Build.0 = Debug|Any CPU
		{46AC5F8C-157C-D747-9DB3-7A2B505C67B9}.Release|Any CPU.ActiveCfg = Release|Any CPU
		{46AC5F8C-157C-D747-9DB3-7A2B505C67B9}.Release|Any CPU.Build.0 = Release|Any CPU
		{C21B62B4-4B41-B196-340D-21E5D8DC5E69}.Debug|Any CPU.ActiveCfg = Debug|Any CPU
		{C21B62B4-4B41-B196-340D-21E5D8DC5E69}.Debug|Any CPU.Build.0 = Debug|Any CPU
		{C21B62B4-4B41-B196-340D-21E5D8DC5E69}.Release|Any CPU.ActiveCfg = Release|Any CPU
		{C21B62B4-4B41-B196-340D-21E5D8DC5E69}.Release|Any CPU.Build.0 = Release|Any CPU
		{68D48339-26B0-7B5A-096F-67CB020AC7CE}.Debug|Any CPU.ActiveCfg = Debug|Any CPU
		{68D48339-26B0-7B5A-096F-67CB020AC7CE}.Debug|Any CPU.Build.0 = Debug|Any CPU
		{68D48339-26B0-7B5A-096F-67CB020AC7CE}.Release|Any CPU.ActiveCfg = Release|Any CPU
		{68D48339-26B0-7B5A-096F-67CB020AC7CE}.Release|Any CPU.Build.0 = Release|Any CPU
		{6D5F2E4C-2924-7F85-3986-07B1531CF66E}.Debug|Any CPU.ActiveCfg = Debug|Any CPU
		{6D5F2E4C-2924-7F85-3986-07B1531CF66E}.Debug|Any CPU.Build.0 = Debug|Any CPU
		{6D5F2E4C-2924-7F85-3986-07B1531CF66E}.Release|Any CPU.ActiveCfg = Release|Any CPU
		{6D5F2E4C-2924-7F85-3986-07B1531CF66E}.Release|Any CPU.Build.0 = Release|Any CPU
	EndGlobalSection
	GlobalSection(SolutionProperties) = preSolution
		HideSolutionNode = FALSE
	EndGlobalSection
	GlobalSection(MonoDevelopProperties) = preSolution
		StartupItem = Assembly-CSharp.csproj
	EndGlobalSection
EndGlobal
